
Microsoft Visual Studio Solution File, Format Version 12.00
# Visual Studio 15
VisualStudioVersion = 15.0.27004.2010
MinimumVisualStudioVersion = 10.0.40219.1
Project("{FAE04EC0-301F-11D3-BF4B-00C04F79EFBC}") = "CashDispenser1", "CashDispenser1\CashDispenser1.csproj", "{F7F4DA64-2305-4867-AC1E-E63BAE85431D}"
EndProject
Project("{FAE04EC0-301F-11D3-BF4B-00C04F79EFBC}") = "Bankomat", "Bankomat\Bankomat.csproj", "{9FAAFE58-0085-4380-9E6B-B9BD4A971566}"
EndProject
Global
	GlobalSection(SolutionConfigurationPlatforms) = preSolution
		Debug|Any CPU = Debug|Any CPU
		Release|Any CPU = Release|Any CPU
	EndGlobalSection
	GlobalSection(ProjectConfigurationPlatforms) = postSolution
		{F7F4DA64-2305-4867-AC1E-E63BAE85431D}.Debug|Any CPU.ActiveCfg = Debug|Any CPU
		{F7F4DA64-2305-4867-AC1E-E63BAE85431D}.Debug|Any CPU.Build.0 = Debug|Any CPU
		{F7F4DA64-2305-4867-AC1E-E63BAE85431D}.Release|Any CPU.ActiveCfg = Release|Any CPU
		{F7F4DA64-2305-4867-AC1E-E63BAE85431D}.Release|Any CPU.Build.0 = Release|Any CPU
		{9FAAFE58-0085-4380-9E6B-B9BD4A971566}.Debug|Any CPU.ActiveCfg = Debug|Any CPU
		{9FAAFE58-0085-4380-9E6B-B9BD4A971566}.Debug|Any CPU.Build.0 = Debug|Any CPU
		{9FAAFE58-0085-4380-9E6B-B9BD4A971566}.Release|Any CPU.ActiveCfg = Release|Any CPU
		{9FAAFE58-0085-4380-9E6B-B9BD4A971566}.Release|Any CPU.Build.0 = Release|Any CPU
	EndGlobalSection
	GlobalSection(SolutionProperties) = preSolution
		HideSolutionNode = FALSE
	EndGlobalSection
	GlobalSection(ExtensibilityGlobals) = postSolution
		SolutionGuid = {F89842D2-4DF6-4D98-8B72-091F49CA1BFF}
	EndGlobalSection
EndGlobal
